// !$*UTF8*$!
{
	archiveVersion = 1;
	classes = {
	};
	objectVersion = 77;
	objects = {

/* Begin PBXBuildFile section */
		00861C7271A7B7E9C161FA53 /* ExternalAccessory.framework in Frameworks */ = {isa = PBXBuildFile; fileRef = 4A9267C1CF11E8066B240831 /* ExternalAccessory.framework */; };
		12D26FEBD898F0AB5925A7EB /* Theme.swift in Sources */ = {isa = PBXBuildFile; fileRef = F926A73E09F27A701AA37548 /* Theme.swift */; };
		2444EC9A56E68CB66FE92FCF /* BLECentral.swift in Sources */ = {isa = PBXBuildFile; fileRef = A1B3357D12614F1AA5A9821F /* BLECentral.swift */; };
		28E4E54EB1F0A05E61895F68 /* StatusBanner.swift in Sources */ = {isa = PBXBuildFile; fileRef = 823056F64CE4A58CE78C39FA /* StatusBanner.swift */; };
		2D4FDA9688BA96102C4E31BC /* ExternalAccessoryCenter.swift in Sources */ = {isa = PBXBuildFile; fileRef = 25B9A8089822F864D1CAE264 /* ExternalAccessoryCenter.swift */; };
		49153452EA86921A1E2A883D /* RedlineCore in Frameworks */ = {isa = PBXBuildFile; productRef = 13EA6C1DFA6198E7799B61D9 /* RedlineCore */; };
		491B083CB3AC7EE44FDBFC8C /* FirstLaunchUITests.swift in Sources */ = {isa = PBXBuildFile; fileRef = EC6A80ED5D9B1BE79D32623A /* FirstLaunchUITests.swift */; };
		7381F1C142FB3E2F197CA60E /* LiveView.swift in Sources */ = {isa = PBXBuildFile; fileRef = FDEB0BFE1157EB2A7DA1BFF0 /* LiveView.swift */; };
		7B31A2FDCCFBDCF69D9A00B4 /* DebugView.swift in Sources */ = {isa = PBXBuildFile; fileRef = C4F7A4019530990EBC7752C5 /* DebugView.swift */; };
		82F884421D7DE4D80FFD923B /* RedlineApp.swift in Sources */ = {isa = PBXBuildFile; fileRef = A45092FD4626F4F4078A6EAB /* RedlineApp.swift */; };
		9DCC3690FBCCE1D42DA01515 /* EAStreamSession.swift in Sources */ = {isa = PBXBuildFile; fileRef = 437D34BEDDFA9D68CC8AC2CE /* EAStreamSession.swift */; };
		A0E4B7B76D959625EDE21022 /* Assets.xcassets in Resources */ = {isa = PBXBuildFile; fileRef = 066554816508BFE80ED415E7 /* Assets.xcassets */; };
		AD09ADF4C6CFDA0AC092DCEF /* ConnectView.swift in Sources */ = {isa = PBXBuildFile; fileRef = 2E6E64EDEA92692A0DB24DEF /* ConnectView.swift */; };
		BAE4B0F607E95C4ACF6FF0C0 /* AppSettings.swift in Sources */ = {isa = PBXBuildFile; fileRef = 1EA81E419F94CF12F3B4E02E /* AppSettings.swift */; };
		BE02CA4CF1DA9345420C8844 /* AppModel.swift in Sources */ = {isa = PBXBuildFile; fileRef = 801FD73F9F098046E51D9646 /* AppModel.swift */; };
		D99BC20CE00449A813DF3906 /* GaugeTile.swift in Sources */ = {isa = PBXBuildFile; fileRef = 334B27D7BFDB6619B4F25FDC /* GaugeTile.swift */; };
		F8E6C4EB4B7C0E5302733E8D /* BLEOBDTransport.swift in Sources */ = {isa = PBXBuildFile; fileRef = 8E0CC2A83FA247A208504476 /* BLEOBDTransport.swift */; };
/* End PBXBuildFile section */

/* Begin PBXContainerItemProxy section */
		7BF4656E8820B793515CF060 /* PBXContainerItemProxy */ = {
			isa = PBXContainerItemProxy;
			containerPortal = BDBA1FFFB56DFE185BB8A607 /* Project object */;
			proxyType = 1;
			remoteGlobalIDString = 78E2D3ED9A80CB97FFD0EA18;
			remoteInfo = Redline;
		};
/* End PBXContainerItemProxy section */

/* Begin PBXFileReference section */
		066554816508BFE80ED415E7 /* Assets.xcassets */ = {isa = PBXFileReference; lastKnownFileType = folder.assetcatalog; path = Assets.xcassets; sourceTree = "<group>"; };
		1EA81E419F94CF12F3B4E02E /* AppSettings.swift */ = {isa = PBXFileReference; lastKnownFileType = sourcecode.swift; path = AppSettings.swift; sourceTree = "<group>"; };
		25B9A8089822F864D1CAE264 /* ExternalAccessoryCenter.swift */ = {isa = PBXFileReference; lastKnownFileType = sourcecode.swift; path = ExternalAccessoryCenter.swift; sourceTree = "<group>"; };
		2E6E64EDEA92692A0DB24DEF /* ConnectView.swift */ = {isa = PBXFileReference; lastKnownFileType = sourcecode.swift; path = ConnectView.swift; sourceTree = "<group>"; };
		334B27D7BFDB6619B4F25FDC /* GaugeTile.swift */ = {isa = PBXFileReference; lastKnownFileType = sourcecode.swift; path = GaugeTile.swift; sourceTree = "<group>"; };
		41AFCF92764C6F452F90844F /* RedlineUITests.xctest */ = {isa = PBXFileReference; includeInIndex = 0; lastKnownFileType = wrapper.cfbundle; path = RedlineUITests.xctest; sourceTree = BUILT_PRODUCTS_DIR; };
		437D34BEDDFA9D68CC8AC2CE /* EAStreamSession.swift */ = {isa = PBXFileReference; lastKnownFileType = sourcecode.swift; path = EAStreamSession.swift; sourceTree = "<group>"; };
		4A9267C1CF11E8066B240831 /* ExternalAccessory.framework */ = {isa = PBXFileReference; lastKnownFileType = wrapper.framework; name = ExternalAccessory.framework; path = System/Library/Frameworks/ExternalAccessory.framework; sourceTree = SDKROOT; };
		77E369CE6531396BD0644322 /* Redline.app */ = {isa = PBXFileReference; includeInIndex = 0; lastKnownFileType = wrapper.application; path = Redline.app; sourceTree = BUILT_PRODUCTS_DIR; };
		801FD73F9F098046E51D9646 /* AppModel.swift */ = {isa = PBXFileReference; lastKnownFileType = sourcecode.swift; path = AppModel.swift; sourceTree = "<group>"; };
		823056F64CE4A58CE78C39FA /* StatusBanner.swift */ = {isa = PBXFileReference; lastKnownFileType = sourcecode.swift; path = StatusBanner.swift; sourceTree = "<group>"; };
		8E0CC2A83FA247A208504476 /* BLEOBDTransport.swift */ = {isa = PBXFileReference; lastKnownFileType = sourcecode.swift; path = BLEOBDTransport.swift; sourceTree = "<group>"; };
		A1B3357D12614F1AA5A9821F /* BLECentral.swift */ = {isa = PBXFileReference; lastKnownFileType = sourcecode.swift; path = BLECentral.swift; sourceTree = "<group>"; };
		A45092FD4626F4F4078A6EAB /* RedlineApp.swift */ = {isa = PBXFileReference; lastKnownFileType = sourcecode.swift; path = RedlineApp.swift; sourceTree = "<group>"; };
		B23B743B4B57830BAB03D5E5 /* Info.plist */ = {isa = PBXFileReference; lastKnownFileType = text.plist; path = Info.plist; sourceTree = "<group>"; };
		C4F7A4019530990EBC7752C5 /* DebugView.swift */ = {isa = PBXFileReference; lastKnownFileType = sourcecode.swift; path = DebugView.swift; sourceTree = "<group>"; };
		DC4A434F9290E8DD8BCEAA32 /* RedlineCore */ = {isa = PBXFileReference; lastKnownFileType = folder; name = RedlineCore; path = Packages/RedlineCore; sourceTree = SOURCE_ROOT; };
		EC6A80ED5D9B1BE79D32623A /* FirstLaunchUITests.swift */ = {isa = PBXFileReference; lastKnownFileType = sourcecode.swift; path = FirstLaunchUITests.swift; sourceTree = "<group>"; };
		F926A73E09F27A701AA37548 /* Theme.swift */ = {isa = PBXFileReference; lastKnownFileType = sourcecode.swift; path = Theme.swift; sourceTree = "<group>"; };
		FDEB0BFE1157EB2A7DA1BFF0 /* LiveView.swift */ = {isa = PBXFileReference; lastKnownFileType = sourcecode.swift; path = LiveView.swift; sourceTree = "<group>"; };
/* End PBXFileReference section */

/* Begin PBXFrameworksBuildPhase section */
		0FD6030E9621A01FD5690F71 /* Frameworks */ = {
			isa = PBXFrameworksBuildPhase;
			buildActionMask = 2147483647;
			files = (
				49153452EA86921A1E2A883D /* RedlineCore in Frameworks */,
				00861C7271A7B7E9C161FA53 /* ExternalAccessory.framework in Frameworks */,
			);
			runOnlyForDeploymentPostprocessing = 0;
		};
/* End PBXFrameworksBuildPhase section */

/* Begin PBXGroup section */
		0537C35C6D7F20829809A771 /* Frameworks */ = {
			isa = PBXGroup;
			children = (
				4A9267C1CF11E8066B240831 /* ExternalAccessory.framework */,
			);
			name = Frameworks;
			sourceTree = "<group>";
		};
		4707618540E3D744E35D6824 /* Products */ = {
			isa = PBXGroup;
			children = (
				77E369CE6531396BD0644322 /* Redline.app */,
				41AFCF92764C6F452F90844F /* RedlineUITests.xctest */,
			);
			name = Products;
			sourceTree = "<group>";
		};
		4AA2C82D25F35721B09A1651 /* Resources */ = {
			isa = PBXGroup;
			children = (
				066554816508BFE80ED415E7 /* Assets.xcassets */,
			);
			path = Resources;
			sourceTree = "<group>";
		};
		57F9C262D84417B6F801F741 /* UITests */ = {
			isa = PBXGroup;
			children = (
				EC6A80ED5D9B1BE79D32623A /* FirstLaunchUITests.swift */,
			);
			path = UITests;
			sourceTree = "<group>";
		};
		8B24DBD941B70670E20E4F21 /* Views */ = {
			isa = PBXGroup;
			children = (
				2E6E64EDEA92692A0DB24DEF /* ConnectView.swift */,
				C4F7A4019530990EBC7752C5 /* DebugView.swift */,
				334B27D7BFDB6619B4F25FDC /* GaugeTile.swift */,
				FDEB0BFE1157EB2A7DA1BFF0 /* LiveView.swift */,
				823056F64CE4A58CE78C39FA /* StatusBanner.swift */,
				F926A73E09F27A701AA37548 /* Theme.swift */,
			);
			path = Views;
			sourceTree = "<group>";
		};
		B92F3A046CCD03CFBEDAEEE4 /* Packages */ = {
			isa = PBXGroup;
			children = (
				DC4A434F9290E8DD8BCEAA32 /* RedlineCore */,
			);
			path = Packages;
			sourceTree = "<group>";
		};
		D6EA981FF4F72AC74366AE1B /* App */ = {
			isa = PBXGroup;
			children = (
				B23B743B4B57830BAB03D5E5 /* Info.plist */,
				A45092FD4626F4F4078A6EAB /* RedlineApp.swift */,
				F7BB82AD1DD04DBB4FB24F6C /* Bluetooth */,
				E986123214CAEC9305CCB2AA /* ExternalAccessory */,
				F09CC7998E47CD5CA417AB9F /* Model */,
				4AA2C82D25F35721B09A1651 /* Resources */,
				8B24DBD941B70670E20E4F21 /* Views */,
			);
			path = App;
			sourceTree = "<group>";
		};
		E986123214CAEC9305CCB2AA /* ExternalAccessory */ = {
			isa = PBXGroup;
			children = (
				437D34BEDDFA9D68CC8AC2CE /* EAStreamSession.swift */,
				25B9A8089822F864D1CAE264 /* ExternalAccessoryCenter.swift */,
			);
			path = ExternalAccessory;
			sourceTree = "<group>";
		};
		F09CC7998E47CD5CA417AB9F /* Model */ = {
			isa = PBXGroup;
			children = (
				801FD73F9F098046E51D9646 /* AppModel.swift */,
				1EA81E419F94CF12F3B4E02E /* AppSettings.swift */,
			);
			path = Model;
			sourceTree = "<group>";
		};
		F1C79CFD64D9F84A344D20BF = {
			isa = PBXGroup;
			children = (
				D6EA981FF4F72AC74366AE1B /* App */,
				B92F3A046CCD03CFBEDAEEE4 /* Packages */,
				57F9C262D84417B6F801F741 /* UITests */,
				0537C35C6D7F20829809A771 /* Frameworks */,
				4707618540E3D744E35D6824 /* Products */,
			);
			sourceTree = "<group>";
		};
		F7BB82AD1DD04DBB4FB24F6C /* Bluetooth */ = {
			isa = PBXGroup;
			children = (
				A1B3357D12614F1AA5A9821F /* BLECentral.swift */,
				8E0CC2A83FA247A208504476 /* BLEOBDTransport.swift */,
			);
			path = Bluetooth;
			sourceTree = "<group>";
		};
/* End PBXGroup section */

/* Begin PBXNativeTarget section */
		428CAB24E865D3B732CB62FA /* RedlineUITests */ = {
			isa = PBXNativeTarget;
			buildConfigurationList = E6B24A0D699E59BE9B0CA877 /* Build configuration list for PBXNativeTarget "RedlineUITests" */;
			buildPhases = (
				22EA9B86C92A82B36D45725F /* Sources */,
			);
			buildRules = (
			);
			dependencies = (
				E308D3F5A4801BCBDA6C298D /* PBXTargetDependency */,
			);
			name = RedlineUITests;
			packageProductDependencies = (
			);
			productName = RedlineUITests;
			productReference = 41AFCF92764C6F452F90844F /* RedlineUITests.xctest */;
			productType = "com.apple.product-type.bundle.ui-testing";
		};
		78E2D3ED9A80CB97FFD0EA18 /* Redline */ = {
			isa = PBXNativeTarget;
			buildConfigurationList = 39295FF4190F58CCA17A4229 /* Build configuration list for PBXNativeTarget "Redline" */;
			buildPhases = (
				480DB2BED000FEADE82C8AFD /* Sources */,
				AB8EC151CE9BED727E05F6CD /* Resources */,
				0FD6030E9621A01FD5690F71 /* Frameworks */,
			);
			buildRules = (
			);
			dependencies = (
			);
			name = Redline;
			packageProductDependencies = (
				13EA6C1DFA6198E7799B61D9 /* RedlineCore */,
			);
			productName = Redline;
			productReference = 77E369CE6531396BD0644322 /* Redline.app */;
			productType = "com.apple.product-type.application";
		};
/* End PBXNativeTarget section */

/* Begin PBXProject section */
		BDBA1FFFB56DFE185BB8A607 /* Project object */ = {
			isa = PBXProject;
			attributes = {
				BuildIndependentTargetsInParallel = YES;
				LastUpgradeCheck = 1430;
				TargetAttributes = {
					428CAB24E865D3B732CB62FA = {
						DevelopmentTeam = "";
						ProvisioningStyle = Automatic;
						TestTargetID = 78E2D3ED9A80CB97FFD0EA18;
					};
					78E2D3ED9A80CB97FFD0EA18 = {
						DevelopmentTeam = "";
						ProvisioningStyle = Automatic;
					};
				};
			};
			buildConfigurationList = 351C0B475CFFDDA670E8AD46 /* Build configuration list for PBXProject "Redline" */;
			developmentRegion = en;
			hasScannedForEncodings = 0;
			knownRegions = (
				Base,
				en,
			);
			mainGroup = F1C79CFD64D9F84A344D20BF;
			minimizedProjectReferenceProxies = 1;
			packageReferences = (
				26BB1771EEAC07106742A5CC /* XCLocalSwiftPackageReference "Packages/RedlineCore" */,
			);
			preferredProjectObjectVersion = 77;
			productRefGroup = 4707618540E3D744E35D6824 /* Products */;
			projectDirPath = "";
			projectRoot = "";
			targets = (
				78E2D3ED9A80CB97FFD0EA18 /* Redline */,
				428CAB24E865D3B732CB62FA /* RedlineUITests */,
			);
		};
/* End PBXProject section */

/* Begin PBXResourcesBuildPhase section */
		AB8EC151CE9BED727E05F6CD /* Resources */ = {
			isa = PBXResourcesBuildPhase;
			buildActionMask = 2147483647;
			files = (
				A0E4B7B76D959625EDE21022 /* Assets.xcassets in Resources */,
			);
			runOnlyForDeploymentPostprocessing = 0;
		};
/* End PBXResourcesBuildPhase section */

/* Begin PBXSourcesBuildPhase section */
		22EA9B86C92A82B36D45725F /* Sources */ = {
			isa = PBXSourcesBuildPhase;
			buildActionMask = 2147483647;
			files = (
				491B083CB3AC7EE44FDBFC8C /* FirstLaunchUITests.swift in Sources */,
			);
			runOnlyForDeploymentPostprocessing = 0;
		};
		480DB2BED000FEADE82C8AFD /* Sources */ = {
			isa = PBXSourcesBuildPhase;
			buildActionMask = 2147483647;
			files = (
				BE02CA4CF1DA9345420C8844 /* AppModel.swift in Sources */,
				BAE4B0F607E95C4ACF6FF0C0 /* AppSettings.swift in Sources */,
				2444EC9A56E68CB66FE92FCF /* BLECentral.swift in Sources */,
				F8E6C4EB4B7C0E5302733E8D /* BLEOBDTransport.swift in Sources */,
				AD09ADF4C6CFDA0AC092DCEF /* ConnectView.swift in Sources */,
				7B31A2FDCCFBDCF69D9A00B4 /* DebugView.swift in Sources */,
				9DCC3690FBCCE1D42DA01515 /* EAStreamSession.swift in Sources */,
				2D4FDA9688BA96102C4E31BC /* ExternalAccessoryCenter.swift in Sources */,
				D99BC20CE00449A813DF3906 /* GaugeTile.swift in Sources */,
				7381F1C142FB3E2F197CA60E /* LiveView.swift in Sources */,
				82F884421D7DE4D80FFD923B /* RedlineApp.swift in Sources */,
				28E4E54EB1F0A05E61895F68 /* StatusBanner.swift in Sources */,
				12D26FEBD898F0AB5925A7EB /* Theme.swift in Sources */,
			);
			runOnlyForDeploymentPostprocessing = 0;
		};
/* End PBXSourcesBuildPhase section */

/* Begin PBXTargetDependency section */
		E308D3F5A4801BCBDA6C298D /* PBXTargetDependency */ = {
			isa = PBXTargetDependency;
			target = 78E2D3ED9A80CB97FFD0EA18 /* Redline */;
			targetProxy = 7BF4656E8820B793515CF060 /* PBXContainerItemProxy */;
		};
/* End PBXTargetDependency section */

/* Begin XCBuildConfiguration section */
		10362DBFA5C0FDA0CA977B8A /* Debug */ = {
			isa = XCBuildConfiguration;
			buildSettings = {
				ASSETCATALOG_COMPILER_APPICON_NAME = AppIcon;
				ASSETCATALOG_COMPILER_GLOBAL_ACCENT_COLOR_NAME = AccentColor;
				CODE_SIGN_IDENTITY = "iPhone Developer";
				INFOPLIST_FILE = App/Info.plist;
				LD_RUNPATH_SEARCH_PATHS = (
					"$(inherited)",
					"@executable_path/Frameworks",
				);
				PRODUCT_BUNDLE_IDENTIFIER = com.pstposey.Redline;
				SDKROOT = iphoneos;
				TARGETED_DEVICE_FAMILY = "1,2";
			};
			name = Debug;
		};
		31EC9B5B923C4A63B2EFCF43 /* Debug */ = {
			isa = XCBuildConfiguration;
			buildSettings = {
				BUNDLE_LOADER = "$(TEST_HOST)";
				GENERATE_INFOPLIST_FILE = YES;
				LD_RUNPATH_SEARCH_PATHS = (
					"$(inherited)",
					"@executable_path/Frameworks",
					"@loader_path/Frameworks",
				);
				PRODUCT_BUNDLE_IDENTIFIER = com.pstposey.RedlineUITests;
				SDKROOT = iphoneos;
				TARGETED_DEVICE_FAMILY = "1,2";
				TEST_TARGET_NAME = Redline;
			};
			name = Debug;
		};
		5DEAE7358B0AEE1BEDDD6D49 /* Release */ = {
			isa = XCBuildConfiguration;
			buildSettings = {
				ASSETCATALOG_COMPILER_APPICON_NAME = AppIcon;
				ASSETCATALOG_COMPILER_GLOBAL_ACCENT_COLOR_NAME = AccentColor;
				CODE_SIGN_IDENTITY = "iPhone Developer";
				INFOPLIST_FILE = App/Info.plist;
				LD_RUNPATH_SEARCH_PATHS = (
					"$(inherited)",
					"@executable_path/Frameworks",
				);
				PRODUCT_BUNDLE_IDENTIFIER = com.pstposey.Redline;
				SDKROOT = iphoneos;
				TARGETED_DEVICE_FAMILY = "1,2";
			};
			name = Release;
		};
		BA1E791674258D5AA978FFCD /* Release */ = {
			isa = XCBuildConfiguration;
			buildSettings = {
				ALWAYS_SEARCH_USER_PATHS = NO;
				CLANG_ANALYZER_NONNULL = YES;
				CLANG_ANALYZER_NUMBER_OBJECT_CONVERSION = YES_AGGRESSIVE;
				CLANG_CXX_LANGUAGE_STANDARD = "gnu++14";
				CLANG_CXX_LIBRARY = "libc++";
				CLANG_ENABLE_MODULES = YES;
				CLANG_ENABLE_OBJC_ARC = YES;
				CLANG_ENABLE_OBJC_WEAK = YES;
				CLANG_WARN_BLOCK_CAPTURE_AUTORELEASING = YES;
				CLANG_WARN_BOOL_CONVERSION = YES;
				CLANG_WARN_COMMA = YES;
				CLANG_WARN_CONSTANT_CONVERSION = YES;
				CLANG_WARN_DEPRECATED_OBJC_IMPLEMENTATIONS = YES;
				CLANG_WARN_DIRECT_OBJC_ISA_USAGE = YES_ERROR;
				CLANG_WARN_DOCUMENTATION_COMMENTS = YES;
				CLANG_WARN_EMPTY_BODY = YES;
				CLANG_WARN_ENUM_CONVERSION = YES;
				CLANG_WARN_INFINITE_RECURSION = YES;
				CLANG_WARN_INT_CONVERSION = YES;
				CLANG_WARN_NON_LITERAL_NULL_CONVERSION = YES;
				CLANG_WARN_OBJC_IMPLICIT_RETAIN_SELF = YES;
				CLANG_WARN_OBJC_LITERAL_CONVERSION = YES;
				CLANG_WARN_OBJC_ROOT_CLASS = YES_ERROR;
				CLANG_WARN_QUOTED_INCLUDE_IN_FRAMEWORK_HEADER = YES;
				CLANG_WARN_RANGE_LOOP_ANALYSIS = YES;
				CLANG_WARN_STRICT_PROTOTYPES = YES;
				CLANG_WARN_SUSPICIOUS_MOVE = YES;
				CLANG_WARN_UNGUARDED_AVAILABILITY = YES_AGGRESSIVE;
				CLANG_WARN_UNREACHABLE_CODE = YES;
				CLANG_WARN__DUPLICATE_METHOD_MATCH = YES;
				CODE_SIGN_STYLE = Automatic;
				COPY_PHASE_STRIP = NO;
				CURRENT_PROJECT_VERSION = 1;
				DEAD_CODE_STRIPPING = YES;
				DEBUG_INFORMATION_FORMAT = "dwarf-with-dsym";
				DEVELOPMENT_TEAM = "";
				ENABLE_NS_ASSERTIONS = NO;
				ENABLE_STRICT_OBJC_MSGSEND = YES;
				ENABLE_USER_SCRIPT_SANDBOXING = YES;
				GCC_C_LANGUAGE_STANDARD = gnu11;
				GCC_NO_COMMON_BLOCKS = YES;
				GCC_WARN_64_TO_32_BIT_CONVERSION = YES;
				GCC_WARN_ABOUT_RETURN_TYPE = YES_ERROR;
				GCC_WARN_UNDECLARED_SELECTOR = YES;
				GCC_WARN_UNINITIALIZED_AUTOS = YES_AGGRESSIVE;
				GCC_WARN_UNUSED_FUNCTION = YES;
				GCC_WARN_UNUSED_VARIABLE = YES;
				IPHONEOS_DEPLOYMENT_TARGET = 17.0;
				MARKETING_VERSION = 0.1.0;
				MTL_ENABLE_DEBUG_INFO = NO;
				MTL_FAST_MATH = YES;
				PRODUCT_NAME = "$(TARGET_NAME)";
				SDKROOT = iphoneos;
				SWIFT_COMPILATION_MODE = wholemodule;
				SWIFT_OPTIMIZATION_LEVEL = "-O";
				SWIFT_VERSION = 6.0;
			};
			name = Release;
		};
		D26BE9F6CC31CD0C601D4ABA /* Debug */ = {
			isa = XCBuildConfiguration;
			buildSettings = {
				ALWAYS_SEARCH_USER_PATHS = NO;
				CLANG_ANALYZER_NONNULL = YES;
				CLANG_ANALYZER_NUMBER_OBJECT_CONVERSION = YES_AGGRESSIVE;
				CLANG_CXX_LANGUAGE_STANDARD = "gnu++14";
				CLANG_CXX_LIBRARY = "libc++";
				CLANG_ENABLE_MODULES = YES;
				CLANG_ENABLE_OBJC_ARC = YES;
				CLANG_ENABLE_OBJC_WEAK = YES;
				CLANG_WARN_BLOCK_CAPTURE_AUTORELEASING = YES;
				CLANG_WARN_BOOL_CONVERSION = YES;
				CLANG_WARN_COMMA = YES;
				CLANG_WARN_CONSTANT_CONVERSION = YES;
				CLANG_WARN_DEPRECATED_OBJC_IMPLEMENTATIONS = YES;
				CLANG_WARN_DIRECT_OBJC_ISA_USAGE = YES_ERROR;
				CLANG_WARN_DOCUMENTATION_COMMENTS = YES;
				CLANG_WARN_EMPTY_BODY = YES;
				CLANG_WARN_ENUM_CONVERSION = YES;
				CLANG_WARN_INFINITE_RECURSION = YES;
				CLANG_WARN_INT_CONVERSION = YES;
				CLANG_WARN_NON_LITERAL_NULL_CONVERSION = YES;
				CLANG_WARN_OBJC_IMPLICIT_RETAIN_SELF = YES;
				CLANG_WARN_OBJC_LITERAL_CONVERSION = YES;
				CLANG_WARN_OBJC_ROOT_CLASS = YES_ERROR;
				CLANG_WARN_QUOTED_INCLUDE_IN_FRAMEWORK_HEADER = YES;
				CLANG_WARN_RANGE_LOOP_ANALYSIS = YES;
				CLANG_WARN_STRICT_PROTOTYPES = YES;
				CLANG_WARN_SUSPICIOUS_MOVE = YES;
				CLANG_WARN_UNGUARDED_AVAILABILITY = YES_AGGRESSIVE;
				CLANG_WARN_UNREACHABLE_CODE = YES;
				CLANG_WARN__DUPLICATE_METHOD_MATCH = YES;
				CODE_SIGN_STYLE = Automatic;
				COPY_PHASE_STRIP = NO;
				CURRENT_PROJECT_VERSION = 1;
				DEAD_CODE_STRIPPING = YES;
				DEBUG_INFORMATION_FORMAT = dwarf;
				DEVELOPMENT_TEAM = "";
				ENABLE_STRICT_OBJC_MSGSEND = YES;
				ENABLE_TESTABILITY = YES;
				ENABLE_USER_SCRIPT_SANDBOXING = YES;
				GCC_C_LANGUAGE_STANDARD = gnu11;
				GCC_DYNAMIC_NO_PIC = NO;
				GCC_NO_COMMON_BLOCKS = YES;
				GCC_OPTIMIZATION_LEVEL = 0;
				GCC_PREPROCESSOR_DEFINITIONS = (
					"$(inherited)",
					"DEBUG=1",
				);
				GCC_WARN_64_TO_32_BIT_CONVERSION = YES;
				GCC_WARN_ABOUT_RETURN_TYPE = YES_ERROR;
				GCC_WARN_UNDECLARED_SELECTOR = YES;
				GCC_WARN_UNINITIALIZED_AUTOS = YES_AGGRESSIVE;
				GCC_WARN_UNUSED_FUNCTION = YES;
				GCC_WARN_UNUSED_VARIABLE = YES;
				IPHONEOS_DEPLOYMENT_TARGET = 17.0;
				MARKETING_VERSION = 0.1.0;
				MTL_ENABLE_DEBUG_INFO = INCLUDE_SOURCE;
				MTL_FAST_MATH = YES;
				ONLY_ACTIVE_ARCH = YES;
				PRODUCT_NAME = "$(TARGET_NAME)";
				SDKROOT = iphoneos;
				SWIFT_ACTIVE_COMPILATION_CONDITIONS = DEBUG;
				SWIFT_OPTIMIZATION_LEVEL = "-Onone";
				SWIFT_VERSION = 6.0;
			};
			name = Debug;
		};
		ED77D52487317F589F481442 /* Release */ = {
			isa = XCBuildConfiguration;
			buildSettings = {
				BUNDLE_LOADER = "$(TEST_HOST)";
				GENERATE_INFOPLIST_FILE = YES;
				LD_RUNPATH_SEARCH_PATHS = (
					"$(inherited)",
					"@executable_path/Frameworks",
					"@loader_path/Frameworks",
				);
				PRODUCT_BUNDLE_IDENTIFIER = com.pstposey.RedlineUITests;
				SDKROOT = iphoneos;
				TARGETED_DEVICE_FAMILY = "1,2";
				TEST_TARGET_NAME = Redline;
			};
			name = Release;
		};
/* End XCBuildConfiguration section */

/* Begin XCConfigurationList section */
		351C0B475CFFDDA670E8AD46 /* Build configuration list for PBXProject "Redline" */ = {
			isa = XCConfigurationList;
			buildConfigurations = (
				D26BE9F6CC31CD0C601D4ABA /* Debug */,
				BA1E791674258D5AA978FFCD /* Release */,
			);
			defaultConfigurationIsVisible = 0;
			defaultConfigurationName = Debug;
		};
		39295FF4190F58CCA17A4229 /* Build configuration list for PBXNativeTarget "Redline" */ = {
			isa = XCConfigurationList;
			buildConfigurations = (
				10362DBFA5C0FDA0CA977B8A /* Debug */,
				5DEAE7358B0AEE1BEDDD6D49 /* Release */,
			);
			defaultConfigurationIsVisible = 0;
			defaultConfigurationName = Debug;
		};
		E6B24A0D699E59BE9B0CA877 /* Build configuration list for PBXNativeTarget "RedlineUITests" */ = {
			isa = XCConfigurationList;
			buildConfigurations = (
				31EC9B5B923C4A63B2EFCF43 /* Debug */,
				ED77D52487317F589F481442 /* Release */,
			);
			defaultConfigurationIsVisible = 0;
			defaultConfigurationName = Debug;
		};
/* End XCConfigurationList section */

/* Begin XCLocalSwiftPackageReference section */
		26BB1771EEAC07106742A5CC /* XCLocalSwiftPackageReference "Packages/RedlineCore" */ = {
			isa = XCLocalSwiftPackageReference;
			relativePath = Packages/RedlineCore;
		};
/* End XCLocalSwiftPackageReference section */

/* Begin XCSwiftPackageProductDependency section */
		13EA6C1DFA6198E7799B61D9 /* RedlineCore */ = {
			isa = XCSwiftPackageProductDependency;
			productName = RedlineCore;
		};
/* End XCSwiftPackageProductDependency section */
	};
	rootObject = BDBA1FFFB56DFE185BB8A607 /* Project object */;
}
